
Microsoft Visual Studio Solution File, Format Version 12.00
# Visual Studio 14
VisualStudioVersion = 14.0.25420.1
MinimumVisualStudioVersion = 10.0.40219.1
Project("{FAE04EC0-301F-11D3-BF4B-00C04F79EFBC}") = "POC.Client", "POC.Client\POC.Client.csproj", "{6514656A-B361-417F-B8FD-2582BFF74316}"
EndProject
Project("{FAE04EC0-301F-11D3-BF4B-00C04F79EFBC}") = "POC.WebAPI1", "POC.WebAPI1\POC.WebAPI1.csproj", "{E9A0055D-5A99-4221-A37F-A7017196B5BF}"
EndProject
Project("{FAE04EC0-301F-11D3-BF4B-00C04F79EFBC}") = "POC.WebAPI2", "POC.WebAPI2\POC.WebAPI2.csproj", "{A641EC24-A24A-467D-8AA7-D171FC0C56A7}"
EndProject
Project("{FAE04EC0-301F-11D3-BF4B-00C04F79EFBC}") = "VWParty.Infra.LogTracking", "VWParty.Infra.LogTracking\VWParty.Infra.LogTracking.csproj", "{55496741-4F8E-42D5-BD17-D5583A20AA67}"
EndProject
Project("{2150E333-8FDC-42A3-9474-1A3956D46DE8}") = "Solution Items", "Solution Items", "{6B88BE73-7716-4B5D-9F0C-4B0C2BCFE285}"
	ProjectSection(SolutionItems) = preProject
		.gitignore = .gitignore
		.gitlab-ci.yml = .gitlab-ci.yml
		build.cmd = build.cmd
	EndProjectSection
EndProject
Global
	GlobalSection(SolutionConfigurationPlatforms) = preSolution
		Debug|Any CPU = Debug|Any CPU
		Release|Any CPU = Release|Any CPU
	EndGlobalSection
	GlobalSection(ProjectConfigurationPlatforms) = postSolution
		{6514656A-B361-417F-B8FD-2582BFF74316}.Debug|Any CPU.ActiveCfg = Debug|Any CPU
		{6514656A-B361-417F-B8FD-2582BFF74316}.Debug|Any CPU.Build.0 = Debug|Any CPU
		{6514656A-B361-417F-B8FD-2582BFF74316}.Release|Any CPU.ActiveCfg = Release|Any CPU
		{6514656A-B361-417F-B8FD-2582BFF74316}.Release|Any CPU.Build.0 = Release|Any CPU
		{E9A0055D-5A99-4221-A37F-A7017196B5BF}.Debug|Any CPU.ActiveCfg = Debug|Any CPU
		{E9A0055D-5A99-4221-A37F-A7017196B5BF}.Debug|Any CPU.Build.0 = Debug|Any CPU
		{E9A0055D-5A99-4221-A37F-A7017196B5BF}.Release|Any CPU.ActiveCfg = Release|Any CPU
		{E9A0055D-5A99-4221-A37F-A7017196B5BF}.Release|Any CPU.Build.0 = Release|Any CPU
		{A641EC24-A24A-467D-8AA7-D171FC0C56A7}.Debug|Any CPU.ActiveCfg = Debug|Any CPU
		{A641EC24-A24A-467D-8AA7-D171FC0C56A7}.Debug|Any CPU.Build.0 = Debug|Any CPU
		{A641EC24-A24A-467D-8AA7-D171FC0C56A7}.Release|Any CPU.ActiveCfg = Release|Any CPU
		{A641EC24-A24A-467D-8AA7-D171FC0C56A7}.Release|Any CPU.Build.0 = Release|Any CPU
		{55496741-4F8E-42D5-BD17-D5583A20AA67}.Debug|Any CPU.ActiveCfg = Debug|Any CPU
		{55496741-4F8E-42D5-BD17-D5583A20AA67}.Debug|Any CPU.Build.0 = Debug|Any CPU
		{55496741-4F8E-42D5-BD17-D5583A20AA67}.Release|Any CPU.ActiveCfg = Release|Any CPU
		{55496741-4F8E-42D5-BD17-D5583A20AA67}.Release|Any CPU.Build.0 = Release|Any CPU
	EndGlobalSection
	GlobalSection(SolutionProperties) = preSolution
		HideSolutionNode = FALSE
	EndGlobalSection
EndGlobal
